<?xml version="1.0" encoding="utf-8"?>
<Project ToolsVersion="4.0" xmlns:atg="http://atg.xbox.com" xmlns="http://schemas.microsoft.com/developer/msbuild/2003">
  <ItemGroup>
    <Filter Include="Resource Files">
      <UniqueIdentifier>{8e114980-c1a3-4ada-ad7c-83caadf5daeb}</UniqueIdentifier>
      <Extensions>rc;ico;cur;bmp;dlg;rc2;rct;bin;rgs;gif;jpg;jpeg;jpe</Extensions>
    </Filter>
    <Filter Include="DXUT">
      <UniqueIdentifier>{a43c5c25-0e86-4a20-b64a-883785ff74fd}</UniqueIdentifier>
    </Filter>
    <Filter Include="Shaders">
      <UniqueIdentifier>{2c3d4c8c-5d1a-459a-a05a-a4e4b608a44e}</UniqueIdentifier>
      <Extensions>fx;fxh;hlsl</Extensions>
    </Filter>
    <Filter Include="Singleton">
      <UniqueIdentifier>{bf487803-c69d-4e4f-af78-bb1953215d3a}</UniqueIdentifier>
    </Filter>
    <Filter Include="Singleton\ImageManager">
      <UniqueIdentifier>{22fa37b1-1aa5-4abd-b887-1072c146240e}</UniqueIdentifier>
    </Filter>
    <Filter Include="MainProc">
      <UniqueIdentifier>{eea953c0-d9e9-46e4-950d-d1e04cfeec74}</UniqueIdentifier>
    </Filter>
    <Filter Include="Singleton\InputManager">
      <UniqueIdentifier>{74003d0e-1541-4f94-86aa-27fc97ba8e9c}</UniqueIdentifier>
    </Filter>
    <Filter Include="Scene">
      <UniqueIdentifier>{5ba87cf8-333d-41b5-9d29-b2119f4649c9}</UniqueIdentifier>
    </Filter>
    <Filter Include="Singleton\SceneManager">
      <UniqueIdentifier>{7f5238b1-2cd7-4fe3-af3a-85bfbc184215}</UniqueIdentifier>
    </Filter>
    <Filter Include="Scene\AtlasScene">
      <UniqueIdentifier>{4c0b7194-744c-4d88-a795-7fdf3b5096d4}</UniqueIdentifier>
    </Filter>
    <Filter Include="Object">
      <UniqueIdentifier>{c8056eb8-6843-44f6-bda6-3bd145503110}</UniqueIdentifier>
    </Filter>
    <Filter Include="Object\UI">
      <UniqueIdentifier>{de50a468-eb5b-4fbc-bb67-96123ce5484e}</UniqueIdentifier>
    </Filter>
    <Filter Include="Object\AtlasImage">
      <UniqueIdentifier>{dfddb754-109d-4a75-b90f-d71ec0dc12ad}</UniqueIdentifier>
    </Filter>
    <Filter Include="Scene\SpineScene">
      <UniqueIdentifier>{c7d5761d-9d24-43b3-b1d5-c9a454bfd697}</UniqueIdentifier>
    </Filter>
    <Filter Include="Object\ImagePiece">
      <UniqueIdentifier>{dd0cf767-d7b5-4df9-b830-11aac9f074e3}</UniqueIdentifier>
    </Filter>
    <Filter Include="Object\SpineAdmin">
      <UniqueIdentifier>{93d261f8-3f30-4818-8def-3f45261d8a9a}</UniqueIdentifier>
    </Filter>
    <Filter Include="Utility">
      <UniqueIdentifier>{4c658236-b838-4bfd-9ccd-dd543dfa8a84}</UniqueIdentifier>
    </Filter>
  </ItemGroup>
  <ItemGroup>
    <None Include="DXUT\Optional\directx.ico">
      <Filter>Resource Files</Filter>
    </None>
    <ClInclude Include="DXUT\Core\DXUT.h">
      <Filter>DXUT</Filter>
    </ClInclude>
    <ClInclude Include="DXUT\Core\DXUTenum.h">
      <Filter>DXUT</Filter>
    </ClInclude>
    <ClInclude Include="DXUT\Core\DXUTmisc.h">
      <Filter>DXUT</Filter>
    </ClInclude>
    <ClCompile Include="DXUT\Core\DXUT.cpp">
      <Filter>DXUT</Filter>
    </ClCompile>
    <ClCompile Include="DXUT\Core\DXUTenum.cpp">
      <Filter>DXUT</Filter>
    </ClCompile>
    <ClCompile Include="DXUT\Core\DXUTmisc.cpp">
      <Filter>DXUT</Filter>
    </ClCompile>
    <ClInclude Include="DXUT\Optional\DXUTcamera.h">
      <Filter>DXUT</Filter>
    </ClInclude>
    <ClInclude Include="DXUT\Optional\DXUTgui.h">
      <Filter>DXUT</Filter>
    </ClInclude>
    <ClInclude Include="DXUT\Optional\DXUTres.h">
      <Filter>DXUT</Filter>
    </ClInclude>
    <ClInclude Include="DXUT\Optional\DXUTsettingsdlg.h">
      <Filter>DXUT</Filter>
    </ClInclude>
    <ClInclude Include="DXUT\Optional\SDKmesh.h">
      <Filter>DXUT</Filter>
    </ClInclude>
    <ClInclude Include="DXUT\Optional\SDKmisc.h">
      <Filter>DXUT</Filter>
    </ClInclude>
    <ClCompile Include="DXUT\Optional\DXUTcamera.cpp">
      <Filter>DXUT</Filter>
    </ClCompile>
    <ClCompile Include="DXUT\Optional\DXUTgui.cpp">
      <Filter>DXUT</Filter>
    </ClCompile>
    <ClCompile Include="DXUT\Optional\DXUTres.cpp">
      <Filter>DXUT</Filter>
    </ClCompile>
    <ClCompile Include="DXUT\Optional\DXUTsettingsdlg.cpp">
      <Filter>DXUT</Filter>
    </ClCompile>
    <ClCompile Include="DXUT\Optional\SDKmesh.cpp">
      <Filter>DXUT</Filter>
    </ClCompile>
    <ClCompile Include="DXUT\Optional\SDKmisc.cpp">
      <Filter>DXUT</Filter>
    </ClCompile>
  </ItemGroup>
  <ItemGroup>
    <ClCompile Include="GBF_Spine.cpp" />
    <ClCompile Include="ImageManager.cpp">
      <Filter>Singleton\ImageManager</Filter>
    </ClCompile>
    <ClCompile Include="MainProc.cpp">
      <Filter>MainProc</Filter>
    </ClCompile>
    <ClCompile Include="InputManager.cpp">
      <Filter>Singleton\InputManager</Filter>
    </ClCompile>
    <ClCompile Include="SceneManager.cpp">
      <Filter>Singleton\SceneManager</Filter>
    </ClCompile>
    <ClCompile Include="Scene.cpp">
      <Filter>Scene</Filter>
    </ClCompile>
    <ClCompile Include="AtlasScene.cpp">
      <Filter>Scene\AtlasScene</Filter>
    </ClCompile>
    <ClCompile Include="UI.cpp">
      <Filter>Object\UI</Filter>
    </ClCompile>
    <ClCompile Include="Object.cpp">
      <Filter>Object</Filter>
    </ClCompile>
    <ClCompile Include="AtlasImage.cpp">
      <Filter>Object\AtlasImage</Filter>
    </ClCompile>
    <ClCompile Include="SpineScene.cpp">
      <Filter>Scene\SpineScene</Filter>
    </ClCompile>
    <ClCompile Include="ImagePiece.cpp">
      <Filter>Object\ImagePiece</Filter>
    </ClCompile>
    <ClCompile Include="SpineAdmin.cpp">
      <Filter>Object\SpineAdmin</Filter>
    </ClCompile>
    <ClCompile Include="Utility.cpp">
      <Filter>Utility</Filter>
    </ClCompile>
  </ItemGroup>
  <ItemGroup>
    <ClInclude Include="stdafx.h" />
    <ClInclude Include="Singleton.h">
      <Filter>Singleton</Filter>
    </ClInclude>
    <ClInclude Include="ImageManager.h">
      <Filter>Singleton\ImageManager</Filter>
    </ClInclude>
    <ClInclude Include="MainProc.h">
      <Filter>MainProc</Filter>
    </ClInclude>
    <ClInclude Include="InputManager.h">
      <Filter>Singleton\InputManager</Filter>
    </ClInclude>
    <ClInclude Include="SceneManager.h">
      <Filter>Singleton\SceneManager</Filter>
    </ClInclude>
    <ClInclude Include="Scene.h">
      <Filter>Scene</Filter>
    </ClInclude>
    <ClInclude Include="AtlasScene.h">
      <Filter>Scene\AtlasScene</Filter>
    </ClInclude>
    <ClInclude Include="UI.h">
      <Filter>Object\UI</Filter>
    </ClInclude>
    <ClInclude Include="Object.h">
      <Filter>Object</Filter>
    </ClInclude>
    <ClInclude Include="AtlasImage.h">
      <Filter>Object\AtlasImage</Filter>
    </ClInclude>
    <ClInclude Include="SpineScene.h">
      <Filter>Scene\SpineScene</Filter>
    </ClInclude>
    <ClInclude Include="ImagePiece.h">
      <Filter>Object\ImagePiece</Filter>
    </ClInclude>
    <ClInclude Include="SpineAdmin.h">
      <Filter>Object\SpineAdmin</Filter>
    </ClInclude>
    <ClInclude Include="Utility.h">
      <Filter>Utility</Filter>
    </ClInclude>
  </ItemGroup>
  <ItemGroup>
    <CLInclude Include="resource.h">
      <Filter>Resource Files</Filter>
    </CLInclude>
    <ResourceCompile Include="GBF_Spine.rc">
      <Filter>Resource Files</Filter>
    </ResourceCompile>
  </ItemGroup>
  <ItemGroup>
  </ItemGroup>
</Project>